
Microsoft Visual Studio Solution File, Format Version 12.00
# Visual Studio 15
VisualStudioVersion = 15.0.28307.902
MinimumVisualStudioVersion = 10.0.40219.1
Project("{8BC9CEB8-8B4A-11D0-8D11-00A0C91BC942}") = "LearnOpenGL", "LearnOpenGL\LearnOpenGL.vcxproj", "{96DB5680-0E99-4214-9456-0B6909BB465A}"
EndProject
Project("{8BC9CEB8-8B4A-11D0-8D11-00A0C91BC942}") = "Introduction", "Introduction\Introduction.vcxproj", "{CF5AE0C0-750A-4C67-8A80-BC3EC077C5A3}"
EndProject
Project("{8BC9CEB8-8B4A-11D0-8D11-00A0C91BC942}") = "Lighting", "Lighting\Lighting.vcxproj", "{A0276B2C-4FE0-4CAD-ABDE-59C18DA7BF64}"
EndProject
Project("{8BC9CEB8-8B4A-11D0-8D11-00A0C91BC942}") = "Model", "Model\Model.vcxproj", "{0D2D66A3-220E-4E52-9BB5-B55550C09F8C}"
EndProject
Project("{8BC9CEB8-8B4A-11D0-8D11-00A0C91BC942}") = "Advance", "Advance\Advance.vcxproj", "{B943C5F7-AA15-4AEF-8674-44081F7FC8B9}"
EndProject
Global
	GlobalSection(SolutionConfigurationPlatforms) = preSolution
		Debug|x64 = Debug|x64
		Debug|x86 = Debug|x86
		Release|x64 = Release|x64
		Release|x86 = Release|x86
	EndGlobalSection
	GlobalSection(ProjectConfigurationPlatforms) = postSolution
		{96DB5680-0E99-4214-9456-0B6909BB465A}.Debug|x64.ActiveCfg = Debug|x64
		{96DB5680-0E99-4214-9456-0B6909BB465A}.Debug|x64.Build.0 = Debug|x64
		{96DB5680-0E99-4214-9456-0B6909BB465A}.Debug|x86.ActiveCfg = Debug|Win32
		{96DB5680-0E99-4214-9456-0B6909BB465A}.Debug|x86.Build.0 = Debug|Win32
		{96DB5680-0E99-4214-9456-0B6909BB465A}.Release|x64.ActiveCfg = Release|x64
		{96DB5680-0E99-4214-9456-0B6909BB465A}.Release|x64.Build.0 = Release|x64
		{96DB5680-0E99-4214-9456-0B6909BB465A}.Release|x86.ActiveCfg = Release|Win32
		{96DB5680-0E99-4214-9456-0B6909BB465A}.Release|x86.Build.0 = Release|Win32
		{CF5AE0C0-750A-4C67-8A80-BC3EC077C5A3}.Debug|x64.ActiveCfg = Debug|x64
		{CF5AE0C0-750A-4C67-8A80-BC3EC077C5A3}.Debug|x64.Build.0 = Debug|x64
		{CF5AE0C0-750A-4C67-8A80-BC3EC077C5A3}.Debug|x86.ActiveCfg = Debug|Win32
		{CF5AE0C0-750A-4C67-8A80-BC3EC077C5A3}.Debug|x86.Build.0 = Debug|Win32
		{CF5AE0C0-750A-4C67-8A80-BC3EC077C5A3}.Release|x64.ActiveCfg = Release|x64
		{CF5AE0C0-750A-4C67-8A80-BC3EC077C5A3}.Release|x64.Build.0 = Release|x64
		{CF5AE0C0-750A-4C67-8A80-BC3EC077C5A3}.Release|x86.ActiveCfg = Release|Win32
		{CF5AE0C0-750A-4C67-8A80-BC3EC077C5A3}.Release|x86.Build.0 = Release|Win32
		{A0276B2C-4FE0-4CAD-ABDE-59C18DA7BF64}.Debug|x64.ActiveCfg = Debug|x64
		{A0276B2C-4FE0-4CAD-ABDE-59C18DA7BF64}.Debug|x64.Build.0 = Debug|x64
		{A0276B2C-4FE0-4CAD-ABDE-59C18DA7BF64}.Debug|x86.ActiveCfg = Debug|Win32
		{A0276B2C-4FE0-4CAD-ABDE-59C18DA7BF64}.Debug|x86.Build.0 = Debug|Win32
		{A0276B2C-4FE0-4CAD-ABDE-59C18DA7BF64}.Release|x64.ActiveCfg = Release|x64
		{A0276B2C-4FE0-4CAD-ABDE-59C18DA7BF64}.Release|x64.Build.0 = Release|x64
		{A0276B2C-4FE0-4CAD-ABDE-59C18DA7BF64}.Release|x86.ActiveCfg = Release|Win32
		{A0276B2C-4FE0-4CAD-ABDE-59C18DA7BF64}.Release|x86.Build.0 = Release|Win32
		{0D2D66A3-220E-4E52-9BB5-B55550C09F8C}.Debug|x64.ActiveCfg = Debug|x64
		{0D2D66A3-220E-4E52-9BB5-B55550C09F8C}.Debug|x64.Build.0 = Debug|x64
		{0D2D66A3-220E-4E52-9BB5-B55550C09F8C}.Debug|x86.ActiveCfg = Debug|Win32
		{0D2D66A3-220E-4E52-9BB5-B55550C09F8C}.Debug|x86.Build.0 = Debug|Win32
		{0D2D66A3-220E-4E52-9BB5-B55550C09F8C}.Release|x64.ActiveCfg = Release|x64
		{0D2D66A3-220E-4E52-9BB5-B55550C09F8C}.Release|x64.Build.0 = Release|x64
		{0D2D66A3-220E-4E52-9BB5-B55550C09F8C}.Release|x86.ActiveCfg = Release|Win32
		{0D2D66A3-220E-4E52-9BB5-B55550C09F8C}.Release|x86.Build.0 = Release|Win32
		{B943C5F7-AA15-4AEF-8674-44081F7FC8B9}.Debug|x64.ActiveCfg = Debug|x64
		{B943C5F7-AA15-4AEF-8674-44081F7FC8B9}.Debug|x64.Build.0 = Debug|x64
		{B943C5F7-AA15-4AEF-8674-44081F7FC8B9}.Debug|x86.ActiveCfg = Debug|Win32
		{B943C5F7-AA15-4AEF-8674-44081F7FC8B9}.Debug|x86.Build.0 = Debug|Win32
		{B943C5F7-AA15-4AEF-8674-44081F7FC8B9}.Release|x64.ActiveCfg = Release|x64
		{B943C5F7-AA15-4AEF-8674-44081F7FC8B9}.Release|x64.Build.0 = Release|x64
		{B943C5F7-AA15-4AEF-8674-44081F7FC8B9}.Release|x86.ActiveCfg = Release|Win32
		{B943C5F7-AA15-4AEF-8674-44081F7FC8B9}.Release|x86.Build.0 = Release|Win32
	EndGlobalSection
	GlobalSection(SolutionProperties) = preSolution
		HideSolutionNode = FALSE
	EndGlobalSection
	GlobalSection(ExtensibilityGlobals) = postSolution
		SolutionGuid = {887C576E-39C1-4194-B7C4-39A0320BE610}
	EndGlobalSection
EndGlobal
